// !$*UTF8*$!
{
	archiveVersion = 1;
	classes = {
	};
	objectVersion = 46;
	objects = {

/* Begin PBXBuildFile section */
		CD3F73591CC92A69006053B6 /* AppDelegate.swift in Sources */ = {isa = PBXBuildFile; fileRef = CD3F73581CC92A69006053B6 /* AppDelegate.swift */; };
		CD3F735B1CC92A69006053B6 /* SearchViewController.swift in Sources */ = {isa = PBXBuildFile; fileRef = CD3F735A1CC92A69006053B6 /* SearchViewController.swift */; };
		CD3F735D1CC92A69006053B6 /* PostViewController.swift in Sources */ = {isa = PBXBuildFile; fileRef = CD3F735C1CC92A69006053B6 /* PostViewController.swift */; };
		CD3F73601CC92A6A006053B6 /* Main.storyboard in Resources */ = {isa = PBXBuildFile; fileRef = CD3F735E1CC92A6A006053B6 /* Main.storyboard */; };
		CD3F73621CC92A6A006053B6 /* Assets.xcassets in Resources */ = {isa = PBXBuildFile; fileRef = CD3F73611CC92A6A006053B6 /* Assets.xcassets */; };
		CD3F73651CC92A6A006053B6 /* LaunchScreen.storyboard in Resources */ = {isa = PBXBuildFile; fileRef = CD3F73631CC92A6A006053B6 /* LaunchScreen.storyboard */; };
		CD3F73701CC92A6A006053B6 /* course_material_appTests.swift in Sources */ = {isa = PBXBuildFile; fileRef = CD3F736F1CC92A6A006053B6 /* course_material_appTests.swift */; };
		CD3F737B1CC92A6A006053B6 /* course_material_appUITests.swift in Sources */ = {isa = PBXBuildFile; fileRef = CD3F737A1CC92A6A006053B6 /* course_material_appUITests.swift */; };
		CD3F73891CC92BCA006053B6 /* HomeViewController.swift in Sources */ = {isa = PBXBuildFile; fileRef = CD3F73881CC92BCA006053B6 /* HomeViewController.swift */; };
		CD3F738B1CC92D59006053B6 /* MoreViewController.swift in Sources */ = {isa = PBXBuildFile; fileRef = CD3F738A1CC92D59006053B6 /* MoreViewController.swift */; };
		CD3F738D1CC92E3E006053B6 /* ProfileViewController.swift in Sources */ = {isa = PBXBuildFile; fileRef = CD3F738C1CC92E3E006053B6 /* ProfileViewController.swift */; };
		CD3F738F1CC92EF2006053B6 /* SignUpViewController.swift in Sources */ = {isa = PBXBuildFile; fileRef = CD3F738E1CC92EF2006053B6 /* SignUpViewController.swift */; };
		CDAF740B1CD341A20032DD68 /* ResourceDetailViewController.swift in Sources */ = {isa = PBXBuildFile; fileRef = CDAF740A1CD341A20032DD68 /* ResourceDetailViewController.swift */; };
		CDEEA7071CCF3166001FA71C /* Resource.swift in Sources */ = {isa = PBXBuildFile; fileRef = CDEEA7061CCF3166001FA71C /* Resource.swift */; };
		CDEEA70A1CCF34E1001FA71C /* ResourceTableViewCell.swift in Sources */ = {isa = PBXBuildFile; fileRef = CDEEA7091CCF34E1001FA71C /* ResourceTableViewCell.swift */; };
		E18047C21CD7103500954883 /* LoginViewController.swift in Sources */ = {isa = PBXBuildFile; fileRef = E18047C11CD7103500954883 /* LoginViewController.swift */; };
/* End PBXBuildFile section */

/* Begin PBXContainerItemProxy section */
		CD3F736C1CC92A6A006053B6 /* PBXContainerItemProxy */ = {
			isa = PBXContainerItemProxy;
			containerPortal = CD3F734D1CC92A69006053B6 /* Project object */;
			proxyType = 1;
			remoteGlobalIDString = CD3F73541CC92A69006053B6;
			remoteInfo = course_material_app;
		};
		CD3F73771CC92A6A006053B6 /* PBXContainerItemProxy */ = {
			isa = PBXContainerItemProxy;
			containerPortal = CD3F734D1CC92A69006053B6 /* Project object */;
			proxyType = 1;
			remoteGlobalIDString = CD3F73541CC92A69006053B6;
			remoteInfo = course_material_app;
		};
/* End PBXContainerItemProxy section */

/* Begin PBXFileReference section */
		CD3F73551CC92A69006053B6 /* course_material_app.app */ = {isa = PBXFileReference; explicitFileType = wrapper.application; includeInIndex = 0; path = course_material_app.app; sourceTree = BUILT_PRODUCTS_DIR; };
		CD3F73581CC92A69006053B6 /* AppDelegate.swift */ = {isa = PBXFileReference; lastKnownFileType = sourcecode.swift; path = AppDelegate.swift; sourceTree = "<group>"; };
		CD3F735A1CC92A69006053B6 /* SearchViewController.swift */ = {isa = PBXFileReference; lastKnownFileType = sourcecode.swift; path = SearchViewController.swift; sourceTree = "<group>"; };
		CD3F735C1CC92A69006053B6 /* PostViewController.swift */ = {isa = PBXFileReference; lastKnownFileType = sourcecode.swift; path = PostViewController.swift; sourceTree = "<group>"; };
		CD3F735F1CC92A6A006053B6 /* Base */ = {isa = PBXFileReference; lastKnownFileType = file.storyboard; name = Base; path = Base.lproj/Main.storyboard; sourceTree = "<group>"; };
		CD3F73611CC92A6A006053B6 /* Assets.xcassets */ = {isa = PBXFileReference; lastKnownFileType = folder.assetcatalog; path = Assets.xcassets; sourceTree = "<group>"; };
		CD3F73641CC92A6A006053B6 /* Base */ = {isa = PBXFileReference; lastKnownFileType = file.storyboard; name = Base; path = Base.lproj/LaunchScreen.storyboard; sourceTree = "<group>"; };
		CD3F73661CC92A6A006053B6 /* Info.plist */ = {isa = PBXFileReference; lastKnownFileType = text.plist.xml; path = Info.plist; sourceTree = "<group>"; };
		CD3F736B1CC92A6A006053B6 /* course_material_appTests.xctest */ = {isa = PBXFileReference; explicitFileType = wrapper.cfbundle; includeInIndex = 0; path = course_material_appTests.xctest; sourceTree = BUILT_PRODUCTS_DIR; };
		CD3F736F1CC92A6A006053B6 /* course_material_appTests.swift */ = {isa = PBXFileReference; lastKnownFileType = sourcecode.swift; path = course_material_appTests.swift; sourceTree = "<group>"; };
		CD3F73711CC92A6A006053B6 /* Info.plist */ = {isa = PBXFileReference; lastKnownFileType = text.plist.xml; path = Info.plist; sourceTree = "<group>"; };
		CD3F73761CC92A6A006053B6 /* course_material_appUITests.xctest */ = {isa = PBXFileReference; explicitFileType = wrapper.cfbundle; includeInIndex = 0; path = course_material_appUITests.xctest; sourceTree = BUILT_PRODUCTS_DIR; };
		CD3F737A1CC92A6A006053B6 /* course_material_appUITests.swift */ = {isa = PBXFileReference; lastKnownFileType = sourcecode.swift; path = course_material_appUITests.swift; sourceTree = "<group>"; };
		CD3F737C1CC92A6A006053B6 /* Info.plist */ = {isa = PBXFileReference; lastKnownFileType = text.plist.xml; path = Info.plist; sourceTree = "<group>"; };
		CD3F73881CC92BCA006053B6 /* HomeViewController.swift */ = {isa = PBXFileReference; fileEncoding = 4; lastKnownFileType = sourcecode.swift; path = HomeViewController.swift; sourceTree = "<group>"; };
		CD3F738A1CC92D59006053B6 /* MoreViewController.swift */ = {isa = PBXFileReference; fileEncoding = 4; lastKnownFileType = sourcecode.swift; path = MoreViewController.swift; sourceTree = "<group>"; };
		CD3F738C1CC92E3E006053B6 /* ProfileViewController.swift */ = {isa = PBXFileReference; fileEncoding = 4; lastKnownFileType = sourcecode.swift; path = ProfileViewController.swift; sourceTree = "<group>"; };
		CD3F738E1CC92EF2006053B6 /* SignUpViewController.swift */ = {isa = PBXFileReference; fileEncoding = 4; lastKnownFileType = sourcecode.swift; path = SignUpViewController.swift; sourceTree = "<group>"; };
		CDAF740A1CD341A20032DD68 /* ResourceDetailViewController.swift */ = {isa = PBXFileReference; fileEncoding = 4; lastKnownFileType = sourcecode.swift; path = ResourceDetailViewController.swift; sourceTree = "<group>"; };
		CDEEA7061CCF3166001FA71C /* Resource.swift */ = {isa = PBXFileReference; fileEncoding = 4; lastKnownFileType = sourcecode.swift; path = Resource.swift; sourceTree = "<group>"; };
		CDEEA7091CCF34E1001FA71C /* ResourceTableViewCell.swift */ = {isa = PBXFileReference; fileEncoding = 4; lastKnownFileType = sourcecode.swift; path = ResourceTableViewCell.swift; sourceTree = "<group>"; };
		E18047C11CD7103500954883 /* LoginViewController.swift */ = {isa = PBXFileReference; fileEncoding = 4; lastKnownFileType = sourcecode.swift; path = LoginViewController.swift; sourceTree = "<group>"; };
/* End PBXFileReference section */

/* Begin PBXFrameworksBuildPhase section */
		CD3F73521CC92A69006053B6 /* Frameworks */ = {
			isa = PBXFrameworksBuildPhase;
			buildActionMask = 2147483647;
			files = (
			);
			runOnlyForDeploymentPostprocessing = 0;
		};
		CD3F73681CC92A6A006053B6 /* Frameworks */ = {
			isa = PBXFrameworksBuildPhase;
			buildActionMask = 2147483647;
			files = (
			);
			runOnlyForDeploymentPostprocessing = 0;
		};
		CD3F73731CC92A6A006053B6 /* Frameworks */ = {
			isa = PBXFrameworksBuildPhase;
			buildActionMask = 2147483647;
			files = (
			);
			runOnlyForDeploymentPostprocessing = 0;
		};
/* End PBXFrameworksBuildPhase section */

/* Begin PBXGroup section */
		CD3F734C1CC92A69006053B6 = {
			isa = PBXGroup;
			children = (
				CD3F73571CC92A69006053B6 /* course_material_app */,
				CD3F736E1CC92A6A006053B6 /* course_material_appTests */,
				CD3F73791CC92A6A006053B6 /* course_material_appUITests */,
				CD3F73561CC92A69006053B6 /* Products */,
			);
			sourceTree = "<group>";
		};
		CD3F73561CC92A69006053B6 /* Products */ = {
			isa = PBXGroup;
			children = (
				CD3F73551CC92A69006053B6 /* course_material_app.app */,
				CD3F736B1CC92A6A006053B6 /* course_material_appTests.xctest */,
				CD3F73761CC92A6A006053B6 /* course_material_appUITests.xctest */,
			);
			name = Products;
			sourceTree = "<group>";
		};
		CD3F73571CC92A69006053B6 /* course_material_app */ = {
			isa = PBXGroup;
			children = (
				CD3F73581CC92A69006053B6 /* AppDelegate.swift */,
				CDEEA7081CCF34D0001FA71C /* View */,
				CDEEA7051CCF302E001FA71C /* Model */,
				CD3F735A1CC92A69006053B6 /* SearchViewController.swift */,
				CD3F735C1CC92A69006053B6 /* PostViewController.swift */,
				CDAF740A1CD341A20032DD68 /* ResourceDetailViewController.swift */,
				CD3F73881CC92BCA006053B6 /* HomeViewController.swift */,
				CD3F738A1CC92D59006053B6 /* MoreViewController.swift */,
				CD3F738C1CC92E3E006053B6 /* ProfileViewController.swift */,
				CD3F738E1CC92EF2006053B6 /* SignUpViewController.swift */,
				E18047C11CD7103500954883 /* LoginViewController.swift */,
				CD3F735E1CC92A6A006053B6 /* Main.storyboard */,
				CD3F73611CC92A6A006053B6 /* Assets.xcassets */,
				CD3F73631CC92A6A006053B6 /* LaunchScreen.storyboard */,
				CD3F73661CC92A6A006053B6 /* Info.plist */,
			);
			path = course_material_app;
			sourceTree = "<group>";
		};
		CD3F736E1CC92A6A006053B6 /* course_material_appTests */ = {
			isa = PBXGroup;
			children = (
				CD3F736F1CC92A6A006053B6 /* course_material_appTests.swift */,
				CD3F73711CC92A6A006053B6 /* Info.plist */,
			);
			path = course_material_appTests;
			sourceTree = "<group>";
		};
		CD3F73791CC92A6A006053B6 /* course_material_appUITests */ = {
			isa = PBXGroup;
			children = (
				CD3F737A1CC92A6A006053B6 /* course_material_appUITests.swift */,
				CD3F737C1CC92A6A006053B6 /* Info.plist */,
			);
			path = course_material_appUITests;
			sourceTree = "<group>";
		};
		CDEEA7051CCF302E001FA71C /* Model */ = {
			isa = PBXGroup;
			children = (
				CDEEA7061CCF3166001FA71C /* Resource.swift */,
			);
			name = Model;
			sourceTree = "<group>";
		};
		CDEEA7081CCF34D0001FA71C /* View */ = {
			isa = PBXGroup;
			children = (
				CDEEA7091CCF34E1001FA71C /* ResourceTableViewCell.swift */,
			);
			name = View;
			sourceTree = "<group>";
		};
/* End PBXGroup section */

/* Begin PBXNativeTarget section */
		CD3F73541CC92A69006053B6 /* course_material_app */ = {
			isa = PBXNativeTarget;
			buildConfigurationList = CD3F737F1CC92A6A006053B6 /* Build configuration list for PBXNativeTarget "course_material_app" */;
			buildPhases = (
				CD3F73511CC92A69006053B6 /* Sources */,
				CD3F73521CC92A69006053B6 /* Frameworks */,
				CD3F73531CC92A69006053B6 /* Resources */,
			);
			buildRules = (
			);
			dependencies = (
			);
			name = course_material_app;
			productName = course_material_app;
			productReference = CD3F73551CC92A69006053B6 /* course_material_app.app */;
			productType = "com.apple.product-type.application";
		};
		CD3F736A1CC92A6A006053B6 /* course_material_appTests */ = {
			isa = PBXNativeTarget;
			buildConfigurationList = CD3F73821CC92A6A006053B6 /* Build configuration list for PBXNativeTarget "course_material_appTests" */;
			buildPhases = (
				CD3F73671CC92A6A006053B6 /* Sources */,
				CD3F73681CC92A6A006053B6 /* Frameworks */,
				CD3F73691CC92A6A006053B6 /* Resources */,
			);
			buildRules = (
			);
			dependencies = (
				CD3F736D1CC92A6A006053B6 /* PBXTargetDependency */,
			);
			name = course_material_appTests;
			productName = course_material_appTests;
			productReference = CD3F736B1CC92A6A006053B6 /* course_material_appTests.xctest */;
			productType = "com.apple.product-type.bundle.unit-test";
		};
		CD3F73751CC92A6A006053B6 /* course_material_appUITests */ = {
			isa = PBXNativeTarget;
			buildConfigurationList = CD3F73851CC92A6A006053B6 /* Build configuration list for PBXNativeTarget "course_material_appUITests" */;
			buildPhases = (
				CD3F73721CC92A6A006053B6 /* Sources */,
				CD3F73731CC92A6A006053B6 /* Frameworks */,
				CD3F73741CC92A6A006053B6 /* Resources */,
			);
			buildRules = (
			);
			dependencies = (
				CD3F73781CC92A6A006053B6 /* PBXTargetDependency */,
			);
			name = course_material_appUITests;
			productName = course_material_appUITests;
			productReference = CD3F73761CC92A6A006053B6 /* course_material_appUITests.xctest */;
			productType = "com.apple.product-type.bundle.ui-testing";
		};
/* End PBXNativeTarget section */

/* Begin PBXProject section */
		CD3F734D1CC92A69006053B6 /* Project object */ = {
			isa = PBXProject;
			attributes = {
				LastSwiftUpdateCheck = 0730;
				LastUpgradeCheck = 0730;
				ORGANIZATIONNAME = hku_project;
				TargetAttributes = {
					CD3F73541CC92A69006053B6 = {
						CreatedOnToolsVersion = 7.3;
					};
					CD3F736A1CC92A6A006053B6 = {
						CreatedOnToolsVersion = 7.3;
						TestTargetID = CD3F73541CC92A69006053B6;
					};
					CD3F73751CC92A6A006053B6 = {
						CreatedOnToolsVersion = 7.3;
						TestTargetID = CD3F73541CC92A69006053B6;
					};
				};
			};
			buildConfigurationList = CD3F73501CC92A69006053B6 /* Build configuration list for PBXProject "course_material_app" */;
			compatibilityVersion = "Xcode 3.2";
			developmentRegion = English;
			hasScannedForEncodings = 0;
			knownRegions = (
				en,
				Base,
			);
			mainGroup = CD3F734C1CC92A69006053B6;
			productRefGroup = CD3F73561CC92A69006053B6 /* Products */;
			projectDirPath = "";
			projectRoot = "";
			targets = (
				CD3F73541CC92A69006053B6 /* course_material_app */,
				CD3F736A1CC92A6A006053B6 /* course_material_appTests */,
				CD3F73751CC92A6A006053B6 /* course_material_appUITests */,
			);
		};
/* End PBXProject section */

/* Begin PBXResourcesBuildPhase section */
		CD3F73531CC92A69006053B6 /* Resources */ = {
			isa = PBXResourcesBuildPhase;
			buildActionMask = 2147483647;
			files = (
				CD3F73651CC92A6A006053B6 /* LaunchScreen.storyboard in Resources */,
				CD3F73621CC92A6A006053B6 /* Assets.xcassets in Resources */,
				CD3F73601CC92A6A006053B6 /* Main.storyboard in Resources */,
			);
			runOnlyForDeploymentPostprocessing = 0;
		};
		CD3F73691CC92A6A006053B6 /* Resources */ = {
			isa = PBXResourcesBuildPhase;
			buildActionMask = 2147483647;
			files = (
			);
			runOnlyForDeploymentPostprocessing = 0;
		};
		CD3F73741CC92A6A006053B6 /* Resources */ = {
			isa = PBXResourcesBuildPhase;
			buildActionMask = 2147483647;
			files = (
			);
			runOnlyForDeploymentPostprocessing = 0;
		};
/* End PBXResourcesBuildPhase section */

/* Begin PBXSourcesBuildPhase section */
		CD3F73511CC92A69006053B6 /* Sources */ = {
			isa = PBXSourcesBuildPhase;
			buildActionMask = 2147483647;
			files = (
				CDEEA70A1CCF34E1001FA71C /* ResourceTableViewCell.swift in Sources */,
				CD3F738D1CC92E3E006053B6 /* ProfileViewController.swift in Sources */,
				CDEEA7071CCF3166001FA71C /* Resource.swift in Sources */,
				CD3F738F1CC92EF2006053B6 /* SignUpViewController.swift in Sources */,
				CD3F738B1CC92D59006053B6 /* MoreViewController.swift in Sources */,
				CD3F735D1CC92A69006053B6 /* PostViewController.swift in Sources */,
				CD3F73591CC92A69006053B6 /* AppDelegate.swift in Sources */,
				CDAF740B1CD341A20032DD68 /* ResourceDetailViewController.swift in Sources */,
				CD3F735B1CC92A69006053B6 /* SearchViewController.swift in Sources */,
				CD3F73891CC92BCA006053B6 /* HomeViewController.swift in Sources */,
				E18047C21CD7103500954883 /* LoginViewController.swift in Sources */,
			);
			runOnlyForDeploymentPostprocessing = 0;
		};
		CD3F73671CC92A6A006053B6 /* Sources */ = {
			isa = PBXSourcesBuildPhase;
			buildActionMask = 2147483647;
			files = (
				CD3F73701CC92A6A006053B6 /* course_material_appTests.swift in Sources */,
			);
			runOnlyForDeploymentPostprocessing = 0;
		};
		CD3F73721CC92A6A006053B6 /* Sources */ = {
			isa = PBXSourcesBuildPhase;
			buildActionMask = 2147483647;
			files = (
				CD3F737B1CC92A6A006053B6 /* course_material_appUITests.swift in Sources */,
			);
			runOnlyForDeploymentPostprocessing = 0;
		};
/* End PBXSourcesBuildPhase section */

/* Begin PBXTargetDependency section */
		CD3F736D1CC92A6A006053B6 /* PBXTargetDependency */ = {
			isa = PBXTargetDependency;
			target = CD3F73541CC92A69006053B6 /* course_material_app */;
			targetProxy = CD3F736C1CC92A6A006053B6 /* PBXContainerItemProxy */;
		};
		CD3F73781CC92A6A006053B6 /* PBXTargetDependency */ = {
			isa = PBXTargetDependency;
			target = CD3F73541CC92A69006053B6 /* course_material_app */;
			targetProxy = CD3F73771CC92A6A006053B6 /* PBXContainerItemProxy */;
		};
/* End PBXTargetDependency section */

/* Begin PBXVariantGroup section */
		CD3F735E1CC92A6A006053B6 /* Main.storyboard */ = {
			isa = PBXVariantGroup;
			children = (
				CD3F735F1CC92A6A006053B6 /* Base */,
			);
			name = Main.storyboard;
			sourceTree = "<group>";
		};
		CD3F73631CC92A6A006053B6 /* LaunchScreen.storyboard */ = {
			isa = PBXVariantGroup;
			children = (
				CD3F73641CC92A6A006053B6 /* Base */,
			);
			name = LaunchScreen.storyboard;
			sourceTree = "<group>";
		};
/* End PBXVariantGroup section */

/* Begin XCBuildConfiguration section */
		CD3F737D1CC92A6A006053B6 /* Debug */ = {
			isa = XCBuildConfiguration;
			buildSettings = {
				ALWAYS_SEARCH_USER_PATHS = NO;
				CLANG_ANALYZER_NONNULL = YES;
				CLANG_CXX_LANGUAGE_STANDARD = "gnu++0x";
				CLANG_CXX_LIBRARY = "libc++";
				CLANG_ENABLE_MODULES = YES;
				CLANG_ENABLE_OBJC_ARC = YES;
				CLANG_WARN_BOOL_CONVERSION = YES;
				CLANG_WARN_CONSTANT_CONVERSION = YES;
				CLANG_WARN_DIRECT_OBJC_ISA_USAGE = YES_ERROR;
				CLANG_WARN_EMPTY_BODY = YES;
				CLANG_WARN_ENUM_CONVERSION = YES;
				CLANG_WARN_INT_CONVERSION = YES;
				CLANG_WARN_OBJC_ROOT_CLASS = YES_ERROR;
				CLANG_WARN_UNREACHABLE_CODE = YES;
				CLANG_WARN__DUPLICATE_METHOD_MATCH = YES;
				"CODE_SIGN_IDENTITY[sdk=iphoneos*]" = "iPhone Developer";
				COPY_PHASE_STRIP = NO;
				DEBUG_INFORMATION_FORMAT = dwarf;
				ENABLE_STRICT_OBJC_MSGSEND = YES;
				ENABLE_TESTABILITY = YES;
				GCC_C_LANGUAGE_STANDARD = gnu99;
				GCC_DYNAMIC_NO_PIC = NO;
				GCC_NO_COMMON_BLOCKS = YES;
				GCC_OPTIMIZATION_LEVEL = 0;
				GCC_PREPROCESSOR_DEFINITIONS = (
					"DEBUG=1",
					"$(inherited)",
				);
				GCC_WARN_64_TO_32_BIT_CONVERSION = YES;
				GCC_WARN_ABOUT_RETURN_TYPE = YES_ERROR;
				GCC_WARN_UNDECLARED_SELECTOR = YES;
				GCC_WARN_UNINITIALIZED_AUTOS = YES_AGGRESSIVE;
				GCC_WARN_UNUSED_FUNCTION = YES;
				GCC_WARN_UNUSED_VARIABLE = YES;
				IPHONEOS_DEPLOYMENT_TARGET = 9.3;
				MTL_ENABLE_DEBUG_INFO = YES;
				ONLY_ACTIVE_ARCH = YES;
				SDKROOT = iphoneos;
				SWIFT_OPTIMIZATION_LEVEL = "-Onone";
			};
			name = Debug;
		};
		CD3F737E1CC92A6A006053B6 /* Release */ = {
			isa = XCBuildConfiguration;
			buildSettings = {
				ALWAYS_SEARCH_USER_PATHS = NO;
				CLANG_ANALYZER_NONNULL = YES;
				CLANG_CXX_LANGUAGE_STANDARD = "gnu++0x";
				CLANG_CXX_LIBRARY = "libc++";
				CLANG_ENABLE_MODULES = YES;
				CLANG_ENABLE_OBJC_ARC = YES;
				CLANG_WARN_BOOL_CONVERSION = YES;
				CLANG_WARN_CONSTANT_CONVERSION = YES;
				CLANG_WARN_DIRECT_OBJC_ISA_USAGE = YES_ERROR;
				CLANG_WARN_EMPTY_BODY = YES;
				CLANG_WARN_ENUM_CONVERSION = YES;
				CLANG_WARN_INT_CONVERSION = YES;
				CLANG_WARN_OBJC_ROOT_CLASS = YES_ERROR;
				CLANG_WARN_UNREACHABLE_CODE = YES;
				CLANG_WARN__DUPLICATE_METHOD_MATCH = YES;
				"CODE_SIGN_IDENTITY[sdk=iphoneos*]" = "iPhone Developer";
				COPY_PHASE_STRIP = NO;
				DEBUG_INFORMATION_FORMAT = "dwarf-with-dsym";
				ENABLE_NS_ASSERTIONS = NO;
				ENABLE_STRICT_OBJC_MSGSEND = YES;
				GCC_C_LANGUAGE_STANDARD = gnu99;
				GCC_NO_COMMON_BLOCKS = YES;
				GCC_WARN_64_TO_32_BIT_CONVERSION = YES;
				GCC_WARN_ABOUT_RETURN_TYPE = YES_ERROR;
				GCC_WARN_UNDECLARED_SELECTOR = YES;
				GCC_WARN_UNINITIALIZED_AUTOS = YES_AGGRESSIVE;
				GCC_WARN_UNUSED_FUNCTION = YES;
				GCC_WARN_UNUSED_VARIABLE = YES;
				IPHONEOS_DEPLOYMENT_TARGET = 9.3;
				MTL_ENABLE_DEBUG_INFO = NO;
				SDKROOT = iphoneos;
				VALIDATE_PRODUCT = YES;
			};
			name = Release;
		};
		CD3F73801CC92A6A006053B6 /* Debug */ = {
			isa = XCBuildConfiguration;
			buildSettings = {
				ASSETCATALOG_COMPILER_APPICON_NAME = AppIcon;
				INFOPLIST_FILE = course_material_app/Info.plist;
				LD_RUNPATH_SEARCH_PATHS = "$(inherited) @executable_path/Frameworks";
				PRODUCT_BUNDLE_IDENTIFIER = "hku-project.course-material-app";
				PRODUCT_NAME = "$(TARGET_NAME)";
			};
			name = Debug;
		};
		CD3F73811CC92A6A006053B6 /* Release */ = {
			isa = XCBuildConfiguration;
			buildSettings = {
				ASSETCATALOG_COMPILER_APPICON_NAME = AppIcon;
				INFOPLIST_FILE = course_material_app/Info.plist;
				LD_RUNPATH_SEARCH_PATHS = "$(inherited) @executable_path/Frameworks";
				PRODUCT_BUNDLE_IDENTIFIER = "hku-project.course-material-app";
				PRODUCT_NAME = "$(TARGET_NAME)";
			};
			name = Release;
		};
		CD3F73831CC92A6A006053B6 /* Debug */ = {
			isa = XCBuildConfiguration;
			buildSettings = {
				BUNDLE_LOADER = "$(TEST_HOST)";
				INFOPLIST_FILE = course_material_appTests/Info.plist;
				LD_RUNPATH_SEARCH_PATHS = "$(inherited) @executable_path/Frameworks @loader_path/Frameworks";
				PRODUCT_BUNDLE_IDENTIFIER = "hku-project.course-material-appTests";
				PRODUCT_NAME = "$(TARGET_NAME)";
				TEST_HOST = "$(BUILT_PRODUCTS_DIR)/course_material_app.app/course_material_app";
			};
			name = Debug;
		};
		CD3F73841CC92A6A006053B6 /* Release */ = {
			isa = XCBuildConfiguration;
			buildSettings = {
				BUNDLE_LOADER = "$(TEST_HOST)";
				INFOPLIST_FILE = course_material_appTests/Info.plist;
				LD_RUNPATH_SEARCH_PATHS = "$(inherited) @executable_path/Frameworks @loader_path/Frameworks";
				PRODUCT_BUNDLE_IDENTIFIER = "hku-project.course-material-appTests";
				PRODUCT_NAME = "$(TARGET_NAME)";
				TEST_HOST = "$(BUILT_PRODUCTS_DIR)/course_material_app.app/course_material_app";
			};
			name = Release;
		};
		CD3F73861CC92A6A006053B6 /* Debug */ = {
			isa = XCBuildConfiguration;
			buildSettings = {
				INFOPLIST_FILE = course_material_appUITests/Info.plist;
				LD_RUNPATH_SEARCH_PATHS = "$(inherited) @executable_path/Frameworks @loader_path/Frameworks";
				PRODUCT_BUNDLE_IDENTIFIER = "hku-project.course-material-appUITests";
				PRODUCT_NAME = "$(TARGET_NAME)";
				TEST_TARGET_NAME = course_material_app;
			};
			name = Debug;
		};
		CD3F73871CC92A6A006053B6 /* Release */ = {
			isa = XCBuildConfiguration;
			buildSettings = {
				INFOPLIST_FILE = course_material_appUITests/Info.plist;
				LD_RUNPATH_SEARCH_PATHS = "$(inherited) @executable_path/Frameworks @loader_path/Frameworks";
				PRODUCT_BUNDLE_IDENTIFIER = "hku-project.course-material-appUITests";
				PRODUCT_NAME = "$(TARGET_NAME)";
				TEST_TARGET_NAME = course_material_app;
			};
			name = Release;
		};
/* End XCBuildConfiguration section */

/* Begin XCConfigurationList section */
		CD3F73501CC92A69006053B6 /* Build configuration list for PBXProject "course_material_app" */ = {
			isa = XCConfigurationList;
			buildConfigurations = (
				CD3F737D1CC92A6A006053B6 /* Debug */,
				CD3F737E1CC92A6A006053B6 /* Release */,
			);
			defaultConfigurationIsVisible = 0;
			defaultConfigurationName = Release;
		};
		CD3F737F1CC92A6A006053B6 /* Build configuration list for PBXNativeTarget "course_material_app" */ = {
			isa = XCConfigurationList;
			buildConfigurations = (
				CD3F73801CC92A6A006053B6 /* Debug */,
				CD3F73811CC92A6A006053B6 /* Release */,
			);
			defaultConfigurationIsVisible = 0;
			defaultConfigurationName = Release;
		};
		CD3F73821CC92A6A006053B6 /* Build configuration list for PBXNativeTarget "course_material_appTests" */ = {
			isa = XCConfigurationList;
			buildConfigurations = (
				CD3F73831CC92A6A006053B6 /* Debug */,
				CD3F73841CC92A6A006053B6 /* Release */,
			);
			defaultConfigurationIsVisible = 0;
			defaultConfigurationName = Release;
		};
		CD3F73851CC92A6A006053B6 /* Build configuration list for PBXNativeTarget "course_material_appUITests" */ = {
			isa = XCConfigurationList;
			buildConfigurations = (
				CD3F73861CC92A6A006053B6 /* Debug */,
				CD3F73871CC92A6A006053B6 /* Release */,
			);
			defaultConfigurationIsVisible = 0;
			defaultConfigurationName = Release;
		};
/* End XCConfigurationList section */
	};
	rootObject = CD3F734D1CC92A69006053B6 /* Project object */;
}
